
Microsoft Visual Studio Solution File, Format Version 12.00
# Visual Studio Version 17
VisualStudioVersion = 17.11.35208.52
MinimumVisualStudioVersion = 10.0.40219.1
Project("{9A19103F-16F7-4668-BE54-9A1E7A4F7556}") = "SousVide", "SousVide\SousVide.csproj", "{F0D9CB4A-50AD-4956-85E2-C9598F618D9C}"
EndProject
Project("{9A19103F-16F7-4668-BE54-9A1E7A4F7556}") = "SousVideCtl", "SousVideCtl\SousVideCtl.csproj", "{16552423-07DA-4092-A8BA-4C24ED7ED057}"
EndProject
Project("{FAE04EC0-301F-11D3-BF4B-00C04F79EFBC}") = "Tests", "Tests\Tests.csproj", "{51B24573-0737-48A7-B32F-31FA65A02322}"
EndProject
Global
	GlobalSection(SolutionConfigurationPlatforms) = preSolution
		Debug|Any CPU = Debug|Any CPU
		Release|Any CPU = Release|Any CPU
	EndGlobalSection
	GlobalSection(ProjectConfigurationPlatforms) = postSolution
		{F0D9CB4A-50AD-4956-85E2-C9598F618D9C}.Debug|Any CPU.ActiveCfg = Debug|Any CPU
		{F0D9CB4A-50AD-4956-85E2-C9598F618D9C}.Debug|Any CPU.Build.0 = Debug|Any CPU
		{F0D9CB4A-50AD-4956-85E2-C9598F618D9C}.Release|Any CPU.ActiveCfg = Release|Any CPU
		{F0D9CB4A-50AD-4956-85E2-C9598F618D9C}.Release|Any CPU.Build.0 = Release|Any CPU
		{16552423-07DA-4092-A8BA-4C24ED7ED057}.Debug|Any CPU.ActiveCfg = Debug|Any CPU
		{16552423-07DA-4092-A8BA-4C24ED7ED057}.Debug|Any CPU.Build.0 = Debug|Any CPU
		{16552423-07DA-4092-A8BA-4C24ED7ED057}.Release|Any CPU.ActiveCfg = Release|Any CPU
		{16552423-07DA-4092-A8BA-4C24ED7ED057}.Release|Any CPU.Build.0 = Release|Any CPU
		{51B24573-0737-48A7-B32F-31FA65A02322}.Debug|Any CPU.ActiveCfg = Debug|Any CPU
		{51B24573-0737-48A7-B32F-31FA65A02322}.Debug|Any CPU.Build.0 = Debug|Any CPU
		{51B24573-0737-48A7-B32F-31FA65A02322}.Release|Any CPU.ActiveCfg = Release|Any CPU
		{51B24573-0737-48A7-B32F-31FA65A02322}.Release|Any CPU.Build.0 = Release|Any CPU
	EndGlobalSection
	GlobalSection(SolutionProperties) = preSolution
		HideSolutionNode = FALSE
	EndGlobalSection
	GlobalSection(ExtensibilityGlobals) = postSolution
		SolutionGuid = {1FCCBCC1-7547-4FA6-94C0-63EACEAF412E}
	EndGlobalSection
EndGlobal
